
Microsoft Visual Studio Solution File, Format Version 12.00
Project("{FAE04EC0-301F-11D3-BF4B-00C04F79EFBC}") = "AuctionService", "AuctionService\AuctionService.csproj", "{8B5B8444-B4AC-40E9-9880-6BDCCF21CD22}"
EndProject
Project("{FAE04EC0-301F-11D3-BF4B-00C04F79EFBC}") = "SearchService", "SearchService\SearchService.csproj", "{5C906084-D001-454C-BF04-F660EE5B7A0E}"
EndProject
Project("{FAE04EC0-301F-11D3-BF4B-00C04F79EFBC}") = "Contracts", "Contracts\Contracts.csproj", "{C156AC27-9262-408A-9C0A-EDEB6B6BDAA6}"
EndProject
Global
	GlobalSection(SolutionConfigurationPlatforms) = preSolution
		Debug|Any CPU = Debug|Any CPU
		Release|Any CPU = Release|Any CPU
	EndGlobalSection
	GlobalSection(ProjectConfigurationPlatforms) = postSolution
		{8B5B8444-B4AC-40E9-9880-6BDCCF21CD22}.Debug|Any CPU.ActiveCfg = Debug|Any CPU
		{8B5B8444-B4AC-40E9-9880-6BDCCF21CD22}.Debug|Any CPU.Build.0 = Debug|Any CPU
		{8B5B8444-B4AC-40E9-9880-6BDCCF21CD22}.Release|Any CPU.ActiveCfg = Release|Any CPU
		{8B5B8444-B4AC-40E9-9880-6BDCCF21CD22}.Release|Any CPU.Build.0 = Release|Any CPU
		{5C906084-D001-454C-BF04-F660EE5B7A0E}.Debug|Any CPU.ActiveCfg = Debug|Any CPU
		{5C906084-D001-454C-BF04-F660EE5B7A0E}.Debug|Any CPU.Build.0 = Debug|Any CPU
		{5C906084-D001-454C-BF04-F660EE5B7A0E}.Release|Any CPU.ActiveCfg = Release|Any CPU
		{5C906084-D001-454C-BF04-F660EE5B7A0E}.Release|Any CPU.Build.0 = Release|Any CPU
		{C156AC27-9262-408A-9C0A-EDEB6B6BDAA6}.Debug|Any CPU.ActiveCfg = Debug|Any CPU
		{C156AC27-9262-408A-9C0A-EDEB6B6BDAA6}.Debug|Any CPU.Build.0 = Debug|Any CPU
		{C156AC27-9262-408A-9C0A-EDEB6B6BDAA6}.Release|Any CPU.ActiveCfg = Release|Any CPU
		{C156AC27-9262-408A-9C0A-EDEB6B6BDAA6}.Release|Any CPU.Build.0 = Release|Any CPU
	EndGlobalSection
EndGlobal
